// !$*UTF8*$!
{
	archiveVersion = 1;
	classes = {
	};
	objectVersion = 50;
	objects = {

/* Begin PBXBuildFile section */
		18A25C682206A1AF0045DF59 /* AppDelegate.swift in Sources */ = {isa = PBXBuildFile; fileRef = 18A25C672206A1AF0045DF59 /* AppDelegate.swift */; };
		18A25C6D2206A1AF0045DF59 /* Main.storyboard in Resources */ = {isa = PBXBuildFile; fileRef = 18A25C6B2206A1AF0045DF59 /* Main.storyboard */; };
		18A25C6F2206A1B10045DF59 /* Assets.xcassets in Resources */ = {isa = PBXBuildFile; fileRef = 18A25C6E2206A1B10045DF59 /* Assets.xcassets */; };
		18A25C722206A1B10045DF59 /* LaunchScreen.storyboard in Resources */ = {isa = PBXBuildFile; fileRef = 18A25C702206A1B10045DF59 /* LaunchScreen.storyboard */; };
		18A25C7A2206B01E0045DF59 /* FriendsTableVC.swift in Sources */ = {isa = PBXBuildFile; fileRef = 18A25C792206B01E0045DF59 /* FriendsTableVC.swift */; };
		18A25C7C2206B02A0045DF59 /* Friend.swift in Sources */ = {isa = PBXBuildFile; fileRef = 18A25C7B2206B02A0045DF59 /* Friend.swift */; };
		18A25C7E2206CB040045DF59 /* FriendsDataSource.swift in Sources */ = {isa = PBXBuildFile; fileRef = 18A25C7D2206CB040045DF59 /* FriendsDataSource.swift */; };
/* End PBXBuildFile section */

/* Begin PBXFileReference section */
		18A25C642206A1AF0045DF59 /* CoderFriends.app */ = {isa = PBXFileReference; explicitFileType = wrapper.application; includeInIndex = 0; path = CoderFriends.app; sourceTree = BUILT_PRODUCTS_DIR; };
		18A25C672206A1AF0045DF59 /* AppDelegate.swift */ = {isa = PBXFileReference; lastKnownFileType = sourcecode.swift; path = AppDelegate.swift; sourceTree = "<group>"; };
		18A25C6C2206A1AF0045DF59 /* Base */ = {isa = PBXFileReference; lastKnownFileType = file.storyboard; name = Base; path = Base.lproj/Main.storyboard; sourceTree = "<group>"; };
		18A25C6E2206A1B10045DF59 /* Assets.xcassets */ = {isa = PBXFileReference; lastKnownFileType = folder.assetcatalog; path = Assets.xcassets; sourceTree = "<group>"; };
		18A25C712206A1B10045DF59 /* Base */ = {isa = PBXFileReference; lastKnownFileType = file.storyboard; name = Base; path = Base.lproj/LaunchScreen.storyboard; sourceTree = "<group>"; };
		18A25C732206A1B10045DF59 /* Info.plist */ = {isa = PBXFileReference; lastKnownFileType = text.plist.xml; path = Info.plist; sourceTree = "<group>"; };
		18A25C792206B01E0045DF59 /* FriendsTableVC.swift */ = {isa = PBXFileReference; lastKnownFileType = sourcecode.swift; path = FriendsTableVC.swift; sourceTree = "<group>"; };
		18A25C7B2206B02A0045DF59 /* Friend.swift */ = {isa = PBXFileReference; lastKnownFileType = sourcecode.swift; path = Friend.swift; sourceTree = "<group>"; };
		18A25C7D2206CB040045DF59 /* FriendsDataSource.swift */ = {isa = PBXFileReference; lastKnownFileType = sourcecode.swift; path = FriendsDataSource.swift; sourceTree = "<group>"; };
/* End PBXFileReference section */

/* Begin PBXFrameworksBuildPhase section */
		18A25C612206A1AF0045DF59 /* Frameworks */ = {
			isa = PBXFrameworksBuildPhase;
			buildActionMask = 2147483647;
			files = (
			);
			runOnlyForDeploymentPostprocessing = 0;
		};
/* End PBXFrameworksBuildPhase section */

/* Begin PBXGroup section */
		18A25C5B2206A1AE0045DF59 = {
			isa = PBXGroup;
			children = (
				18A25C662206A1AF0045DF59 /* CoderFriends */,
				18A25C652206A1AF0045DF59 /* Products */,
			);
			sourceTree = "<group>";
		};
		18A25C652206A1AF0045DF59 /* Products */ = {
			isa = PBXGroup;
			children = (
				18A25C642206A1AF0045DF59 /* CoderFriends.app */,
			);
			name = Products;
			sourceTree = "<group>";
		};
		18A25C662206A1AF0045DF59 /* CoderFriends */ = {
			isa = PBXGroup;
			children = (
				18A25C672206A1AF0045DF59 /* AppDelegate.swift */,
				18A25C822206CBA80045DF59 /* DataSources */,
				18A25C812206CBA30045DF59 /* Model */,
				18A25C802206CB9D0045DF59 /* View */,
				18A25C7F2206CB960045DF59 /* Controllers */,
				18A25C6B2206A1AF0045DF59 /* Main.storyboard */,
				18A25C6E2206A1B10045DF59 /* Assets.xcassets */,
				18A25C702206A1B10045DF59 /* LaunchScreen.storyboard */,
				18A25C732206A1B10045DF59 /* Info.plist */,
			);
			path = CoderFriends;
			sourceTree = "<group>";
		};
		18A25C7F2206CB960045DF59 /* Controllers */ = {
			isa = PBXGroup;
			children = (
				18A25C792206B01E0045DF59 /* FriendsTableVC.swift */,
			);
			path = Controllers;
			sourceTree = "<group>";
		};
		18A25C802206CB9D0045DF59 /* View */ = {
			isa = PBXGroup;
			children = (
			);
			path = View;
			sourceTree = "<group>";
		};
		18A25C812206CBA30045DF59 /* Model */ = {
			isa = PBXGroup;
			children = (
				18A25C7B2206B02A0045DF59 /* Friend.swift */,
			);
			path = Model;
			sourceTree = "<group>";
		};
		18A25C822206CBA80045DF59 /* DataSources */ = {
			isa = PBXGroup;
			children = (
				18A25C7D2206CB040045DF59 /* FriendsDataSource.swift */,
			);
			path = DataSources;
			sourceTree = "<group>";
		};
/* End PBXGroup section */

/* Begin PBXNativeTarget section */
		18A25C632206A1AF0045DF59 /* CoderFriends */ = {
			isa = PBXNativeTarget;
			buildConfigurationList = 18A25C762206A1B10045DF59 /* Build configuration list for PBXNativeTarget "CoderFriends" */;
			buildPhases = (
				18A25C602206A1AF0045DF59 /* Sources */,
				18A25C612206A1AF0045DF59 /* Frameworks */,
				18A25C622206A1AF0045DF59 /* Resources */,
			);
			buildRules = (
			);
			dependencies = (
			);
			name = CoderFriends;
			productName = CoderFriends;
			productReference = 18A25C642206A1AF0045DF59 /* CoderFriends.app */;
			productType = "com.apple.product-type.application";
		};
/* End PBXNativeTarget section */

/* Begin PBXProject section */
		18A25C5C2206A1AE0045DF59 /* Project object */ = {
			isa = PBXProject;
			attributes = {
				LastSwiftUpdateCheck = 1010;
				LastUpgradeCheck = 1010;
				ORGANIZATIONNAME = Vignesh;
				TargetAttributes = {
					18A25C632206A1AF0045DF59 = {
						CreatedOnToolsVersion = 10.1;
					};
				};
			};
			buildConfigurationList = 18A25C5F2206A1AE0045DF59 /* Build configuration list for PBXProject "CoderFriends" */;
			compatibilityVersion = "Xcode 9.3";
			developmentRegion = en;
			hasScannedForEncodings = 0;
			knownRegions = (
				en,
				Base,
			);
			mainGroup = 18A25C5B2206A1AE0045DF59;
			productRefGroup = 18A25C652206A1AF0045DF59 /* Products */;
			projectDirPath = "";
			projectRoot = "";
			targets = (
				18A25C632206A1AF0045DF59 /* CoderFriends */,
			);
		};
/* End PBXProject section */

/* Begin PBXResourcesBuildPhase section */
		18A25C622206A1AF0045DF59 /* Resources */ = {
			isa = PBXResourcesBuildPhase;
			buildActionMask = 2147483647;
			files = (
				18A25C722206A1B10045DF59 /* LaunchScreen.storyboard in Resources */,
				18A25C6F2206A1B10045DF59 /* Assets.xcassets in Resources */,
				18A25C6D2206A1AF0045DF59 /* Main.storyboard in Resources */,
			);
			runOnlyForDeploymentPostprocessing = 0;
		};
/* End PBXResourcesBuildPhase section */

/* Begin PBXSourcesBuildPhase section */
		18A25C602206A1AF0045DF59 /* Sources */ = {
			isa = PBXSourcesBuildPhase;
			buildActionMask = 2147483647;
			files = (
				18A25C7E2206CB040045DF59 /* FriendsDataSource.swift in Sources */,
				18A25C7C2206B02A0045DF59 /* Friend.swift in Sources */,
				18A25C682206A1AF0045DF59 /* AppDelegate.swift in Sources */,
				18A25C7A2206B01E0045DF59 /* FriendsTableVC.swift in Sources */,
			);
			runOnlyForDeploymentPostprocessing = 0;
		};
/* End PBXSourcesBuildPhase section */

/* Begin PBXVariantGroup section */
		18A25C6B2206A1AF0045DF59 /* Main.storyboard */ = {
			isa = PBXVariantGroup;
			children = (
				18A25C6C2206A1AF0045DF59 /* Base */,
			);
			name = Main.storyboard;
			sourceTree = "<group>";
		};
		18A25C702206A1B10045DF59 /* LaunchScreen.storyboard */ = {
			isa = PBXVariantGroup;
			children = (
				18A25C712206A1B10045DF59 /* Base */,
			);
			name = LaunchScreen.storyboard;
			sourceTree = "<group>";
		};
/* End PBXVariantGroup section */

/* Begin XCBuildConfiguration section */
		18A25C742206A1B10045DF59 /* Debug */ = {
			isa = XCBuildConfiguration;
			buildSettings = {
				ALWAYS_SEARCH_USER_PATHS = NO;
				CLANG_ANALYZER_NONNULL = YES;
				CLANG_ANALYZER_NUMBER_OBJECT_CONVERSION = YES_AGGRESSIVE;
				CLANG_CXX_LANGUAGE_STANDARD = "gnu++14";
				CLANG_CXX_LIBRARY = "libc++";
				CLANG_ENABLE_MODULES = YES;
				CLANG_ENABLE_OBJC_ARC = YES;
				CLANG_ENABLE_OBJC_WEAK = YES;
				CLANG_WARN_BLOCK_CAPTURE_AUTORELEASING = YES;
				CLANG_WARN_BOOL_CONVERSION = YES;
				CLANG_WARN_COMMA = YES;
				CLANG_WARN_CONSTANT_CONVERSION = YES;
				CLANG_WARN_DEPRECATED_OBJC_IMPLEMENTATIONS = YES;
				CLANG_WARN_DIRECT_OBJC_ISA_USAGE = YES_ERROR;
				CLANG_WARN_DOCUMENTATION_COMMENTS = YES;
				CLANG_WARN_EMPTY_BODY = YES;
				CLANG_WARN_ENUM_CONVERSION = YES;
				CLANG_WARN_INFINITE_RECURSION = YES;
				CLANG_WARN_INT_CONVERSION = YES;
				CLANG_WARN_NON_LITERAL_NULL_CONVERSION = YES;
				CLANG_WARN_OBJC_IMPLICIT_RETAIN_SELF = YES;
				CLANG_WARN_OBJC_LITERAL_CONVERSION = YES;
				CLANG_WARN_OBJC_ROOT_CLASS = YES_ERROR;
				CLANG_WARN_RANGE_LOOP_ANALYSIS = YES;
				CLANG_WARN_STRICT_PROTOTYPES = YES;
				CLANG_WARN_SUSPICIOUS_MOVE = YES;
				CLANG_WARN_UNGUARDED_AVAILABILITY = YES_AGGRESSIVE;
				CLANG_WARN_UNREACHABLE_CODE = YES;
				CLANG_WARN__DUPLICATE_METHOD_MATCH = YES;
				CODE_SIGN_IDENTITY = "iPhone Developer";
				COPY_PHASE_STRIP = NO;
				DEBUG_INFORMATION_FORMAT = dwarf;
				ENABLE_STRICT_OBJC_MSGSEND = YES;
				ENABLE_TESTABILITY = YES;
				GCC_C_LANGUAGE_STANDARD = gnu11;
				GCC_DYNAMIC_NO_PIC = NO;
				GCC_NO_COMMON_BLOCKS = YES;
				GCC_OPTIMIZATION_LEVEL = 0;
				GCC_PREPROCESSOR_DEFINITIONS = (
					"DEBUG=1",
					"$(inherited)",
				);
				GCC_WARN_64_TO_32_BIT_CONVERSION = YES;
				GCC_WARN_ABOUT_RETURN_TYPE = YES_ERROR;
				GCC_WARN_UNDECLARED_SELECTOR = YES;
				GCC_WARN_UNINITIALIZED_AUTOS = YES_AGGRESSIVE;
				GCC_WARN_UNUSED_FUNCTION = YES;
				GCC_WARN_UNUSED_VARIABLE = YES;
				IPHONEOS_DEPLOYMENT_TARGET = 12.1;
				MTL_ENABLE_DEBUG_INFO = INCLUDE_SOURCE;
				MTL_FAST_MATH = YES;
				ONLY_ACTIVE_ARCH = YES;
				SDKROOT = iphoneos;
				SWIFT_ACTIVE_COMPILATION_CONDITIONS = DEBUG;
				SWIFT_OPTIMIZATION_LEVEL = "-Onone";
			};
			name = Debug;
		};
		18A25C752206A1B10045DF59 /* Release */ = {
			isa = XCBuildConfiguration;
			buildSettings = {
				ALWAYS_SEARCH_USER_PATHS = NO;
				CLANG_ANALYZER_NONNULL = YES;
				CLANG_ANALYZER_NUMBER_OBJECT_CONVERSION = YES_AGGRESSIVE;
				CLANG_CXX_LANGUAGE_STANDARD = "gnu++14";
				CLANG_CXX_LIBRARY = "libc++";
				CLANG_ENABLE_MODULES = YES;
				CLANG_ENABLE_OBJC_ARC = YES;
				CLANG_ENABLE_OBJC_WEAK = YES;
				CLANG_WARN_BLOCK_CAPTURE_AUTORELEASING = YES;
				CLANG_WARN_BOOL_CONVERSION = YES;
				CLANG_WARN_COMMA = YES;
				CLANG_WARN_CONSTANT_CONVERSION = YES;
				CLANG_WARN_DEPRECATED_OBJC_IMPLEMENTATIONS = YES;
				CLANG_WARN_DIRECT_OBJC_ISA_USAGE = YES_ERROR;
				CLANG_WARN_DOCUMENTATION_COMMENTS = YES;
				CLANG_WARN_EMPTY_BODY = YES;
				CLANG_WARN_ENUM_CONVERSION = YES;
				CLANG_WARN_INFINITE_RECURSION = YES;
				CLANG_WARN_INT_CONVERSION = YES;
				CLANG_WARN_NON_LITERAL_NULL_CONVERSION = YES;
				CLANG_WARN_OBJC_IMPLICIT_RETAIN_SELF = YES;
				CLANG_WARN_OBJC_LITERAL_CONVERSION = YES;
				CLANG_WARN_OBJC_ROOT_CLASS = YES_ERROR;
				CLANG_WARN_RANGE_LOOP_ANALYSIS = YES;
				CLANG_WARN_STRICT_PROTOTYPES = YES;
				CLANG_WARN_SUSPICIOUS_MOVE = YES;
				CLANG_WARN_UNGUARDED_AVAILABILITY = YES_AGGRESSIVE;
				CLANG_WARN_UNREACHABLE_CODE = YES;
				CLANG_WARN__DUPLICATE_METHOD_MATCH = YES;
				CODE_SIGN_IDENTITY = "iPhone Developer";
				COPY_PHASE_STRIP = NO;
				DEBUG_INFORMATION_FORMAT = "dwarf-with-dsym";
				ENABLE_NS_ASSERTIONS = NO;
				ENABLE_STRICT_OBJC_MSGSEND = YES;
				GCC_C_LANGUAGE_STANDARD = gnu11;
				GCC_NO_COMMON_BLOCKS = YES;
				GCC_WARN_64_TO_32_BIT_CONVERSION = YES;
				GCC_WARN_ABOUT_RETURN_TYPE = YES_ERROR;
				GCC_WARN_UNDECLARED_SELECTOR = YES;
				GCC_WARN_UNINITIALIZED_AUTOS = YES_AGGRESSIVE;
				GCC_WARN_UNUSED_FUNCTION = YES;
				GCC_WARN_UNUSED_VARIABLE = YES;
				IPHONEOS_DEPLOYMENT_TARGET = 12.1;
				MTL_ENABLE_DEBUG_INFO = NO;
				MTL_FAST_MATH = YES;
				SDKROOT = iphoneos;
				SWIFT_COMPILATION_MODE = wholemodule;
				SWIFT_OPTIMIZATION_LEVEL = "-O";
				VALIDATE_PRODUCT = YES;
			};
			name = Release;
		};
		18A25C772206A1B10045DF59 /* Debug */ = {
			isa = XCBuildConfiguration;
			buildSettings = {
				ASSETCATALOG_COMPILER_APPICON_NAME = AppIcon;
				CODE_SIGN_STYLE = Automatic;
				INFOPLIST_FILE = CoderFriends/Info.plist;
				LD_RUNPATH_SEARCH_PATHS = (
					"$(inherited)",
					"@executable_path/Frameworks",
				);
				PRODUCT_BUNDLE_IDENTIFIER = com.vignesh.CoderFriends;
				PRODUCT_NAME = "$(TARGET_NAME)";
				SWIFT_VERSION = 4.2;
				TARGETED_DEVICE_FAMILY = "1,2";
			};
			name = Debug;
		};
		18A25C782206A1B10045DF59 /* Release */ = {
			isa = XCBuildConfiguration;
			buildSettings = {
				ASSETCATALOG_COMPILER_APPICON_NAME = AppIcon;
				CODE_SIGN_STYLE = Automatic;
				INFOPLIST_FILE = CoderFriends/Info.plist;
				LD_RUNPATH_SEARCH_PATHS = (
					"$(inherited)",
					"@executable_path/Frameworks",
				);
				PRODUCT_BUNDLE_IDENTIFIER = com.vignesh.CoderFriends;
				PRODUCT_NAME = "$(TARGET_NAME)";
				SWIFT_VERSION = 4.2;
				TARGETED_DEVICE_FAMILY = "1,2";
			};
			name = Release;
		};
/* End XCBuildConfiguration section */

/* Begin XCConfigurationList section */
		18A25C5F2206A1AE0045DF59 /* Build configuration list for PBXProject "CoderFriends" */ = {
			isa = XCConfigurationList;
			buildConfigurations = (
				18A25C742206A1B10045DF59 /* Debug */,
				18A25C752206A1B10045DF59 /* Release */,
			);
			defaultConfigurationIsVisible = 0;
			defaultConfigurationName = Release;
		};
		18A25C762206A1B10045DF59 /* Build configuration list for PBXNativeTarget "CoderFriends" */ = {
			isa = XCConfigurationList;
			buildConfigurations = (
				18A25C772206A1B10045DF59 /* Debug */,
				18A25C782206A1B10045DF59 /* Release */,
			);
			defaultConfigurationIsVisible = 0;
			defaultConfigurationName = Release;
		};
/* End XCConfigurationList section */
	};
	rootObject = 18A25C5C2206A1AE0045DF59 /* Project object */;
}
